
Microsoft Visual Studio Solution File, Format Version 12.00
# Visual Studio Version 17
VisualStudioVersion = 17.7.34031.279
MinimumVisualStudioVersion = 10.0.40219.1
Project("{8BC9CEB8-8B4A-11D0-8D11-00A0C91BC942}") = "M1_SinglyLinkedList_EndayaSalandanan", "M1_SinglyLinkedList_EndayaSalandanan.vcxproj", "{894CA5C5-DEF5-41B7-99FE-C24DC35F630C}"
EndProject
Global
	GlobalSection(SolutionConfigurationPlatforms) = preSolution
		Debug|x64 = Debug|x64
		Debug|x86 = Debug|x86
		Release|x64 = Release|x64
		Release|x86 = Release|x86
	EndGlobalSection
	GlobalSection(ProjectConfigurationPlatforms) = postSolution
		{894CA5C5-DEF5-41B7-99FE-C24DC35F630C}.Debug|x64.ActiveCfg = Debug|x64
		{894CA5C5-DEF5-41B7-99FE-C24DC35F630C}.Debug|x64.Build.0 = Debug|x64
		{894CA5C5-DEF5-41B7-99FE-C24DC35F630C}.Debug|x86.ActiveCfg = Debug|Win32
		{894CA5C5-DEF5-41B7-99FE-C24DC35F630C}.Debug|x86.Build.0 = Debug|Win32
		{894CA5C5-DEF5-41B7-99FE-C24DC35F630C}.Release|x64.ActiveCfg = Release|x64
		{894CA5C5-DEF5-41B7-99FE-C24DC35F630C}.Release|x64.Build.0 = Release|x64
		{894CA5C5-DEF5-41B7-99FE-C24DC35F630C}.Release|x86.ActiveCfg = Release|Win32
		{894CA5C5-DEF5-41B7-99FE-C24DC35F630C}.Release|x86.Build.0 = Release|Win32
	EndGlobalSection
	GlobalSection(SolutionProperties) = preSolution
		HideSolutionNode = FALSE
	EndGlobalSection
	GlobalSection(ExtensibilityGlobals) = postSolution
		SolutionGuid = {D5597089-7543-48D7-8F2C-58F2CDA95F14}
	EndGlobalSection
EndGlobal
